{
  "name": "plugins-site",
  "version": "1.0.0",
  "lockfileVersion": 2,
  "requires": true,
  "packages": {
    "": {
      "name": "plugins-site",
      "version": "1.0.0",
      "dependencies": {
        "gatsby": "^3.13.0",
        "react": "^17.0.1",
        "react-dom": "^17.0.1"
      }
    },
    "node_modules/@babel/code-frame": {},
    "node_modules/@babel/core": {},
    "node_modules/@babel/eslint-parser": {},
    "node_modules/@babel/helper-module-imports": {},
    "node_modules/@babel/parser": {},
    "node_modules/@babel/runtime": {},
    "node_modules/@babel/traverse": {},
    "node_modules/@babel/types": {},
    "node_modules/@gatsbyjs/reach-router": {},
    "node_modules/@gatsbyjs/webpack-hot-middleware": {},
    "node_modules/@nodelib/fs.scandir": {},
    "node_modules/@nodelib/fs.walk": {
      "version": "1.2.8",
      "integrity": "sha512-oGB+UxlgWcgQkgwo8GcEGwemoTFt3FIO9ababBmaGwXIoBKZ+GTy0pP185beGg7Llih/NSHSV2XAs1lnznocSg==",
      "dependencies": {
        "@nodelib/fs.scandir": "2.1.5",
        "fastq": "^1.6.0"
      },
      "engines": {
        "node": ">= 8"
      }
    },
    "node_modules/@pmmmwh/react-refresh-webpack-plugin": {},
    "node_modules/@sindresorhus/is": {},
    "node_modules/@types/common-tags": {},
    "node_modules/@types/http-proxy": {},
    "node_modules/@typescript-eslint/eslint-plugin": {
      "version": "4.31.1",
      "license": "MIT",
      "dependencies": {
        "@typescript-eslint/experimental-utils": "4.31.1",
        "@typescript-eslint/scope-manager": "4.31.1",
        "debug": "^4.3.1",
        "functional-red-black-tree": "^1.0.1",
        "regexpp": "^3.1.0",
        "semver": "^7.3.5",
        "tsutils": "^3.21.0"
      },
      "engines": {
        "node": "^10.12.0 || >=12.0.0"
      },
      "funding": {
        "type": "opencollective",
        "url": "https://opencollective.com/typescript-eslint"
      },
      "peerDependencies": {
        "@typescript-eslint/parser": "^4.0.0",
        "eslint": "^5.0.0 || ^6.0.0 || ^7.0.0"
      },
      "peerDependenciesMeta": {
        "typescript": {
          "optional": true
        }
      }
    },
    "node_modules/@typescript-eslint/eslint-plugin/node_modules/debug": {},
    "node_modules/@typescript-eslint/experimental-utils": {},
    "node_modules/@typescript-eslint/parser": {},
    "node_modules/@typescript-eslint/scope-manager": {},
    "node_modules/address": {},
    "node_modules/anser": {},
    "node_modules/append-field": {},
    "node_modules/autoprefixer": {},
    "node_modules/axios": {},
    "node_modules/babel-loader": {
      "version": "8.2.2",
      "integrity": "sha512-JvTd0/D889PQBtUXJ2PXaKU/pjZDMtHA9V2ecm+eNRmmBCMR09a+fmpGTNwnJtFmFl5Ei7Vy47LjBb+L0wQ99g==",
      "dependencies": {
        "find-cache-dir": "^3.3.1",
        "loader-utils": "^1.4.0",
        "make-dir": "^3.1.0",
        "schema-utils": "^2.6.5"
      },
      "engines": {
        "node": ">= 8.9"
      },
      "peerDependencies": {
        "@babel/core": "^7.0.0",
        "webpack": ">=2"
      }
    },
    "node_modules/babel-plugin-add-module-exports": {},
    "node_modules/babel-plugin-dynamic-import-node": {},
    "node_modules/babel-plugin-lodash": {
      "version": "3.3.4",
      "integrity": "sha512-yDZLjK7TCkWl1gpBeBGmuaDIFhZKmkoL+Cu2MUUjv5VxUZx/z7tBGBCBcQs5RI1Bkz5LLmNdjx7paOyQtMovyg==",
      "dependencies": {
        "@babel/helper-module-imports": "^7.0.0-beta.49",
        "@babel/types": "^7.0.0-beta.49",
        "glob": "^7.1.1",
        "lodash": "^4.17.10",
        "require-package-name": "^2.0.1"
      }
    },
    "node_modules/babel-plugin-remove-graphql-queries": {},
    "node_modules/babel-preset-gatsby": {},
    "node_modules/better-opn": {
      "version": "2.1.1",
      "integrity": "sha512-kIPXZS5qwyKiX/HcRvDYfmBQUa8XP17I0mYZZ0y4UhpYOSvtsLHDYqmomS+Mj20aDvD3knEiQ0ecQy2nhio3yA==",
      "dependencies": {
        "open": "^7.0.3"
      },
      "engines": {
        "node": ">8.0.0"
      }
    },
    "node_modules/bluebird": {},
    "node_modules/body-parser": {},
    "node_modules/braces": {},
    "node_modules/browserslist": {},
    "node_modules/busboy": {},
    "node_modules/cache-manager": {},
    "node_modules/cacheable-request": {},
    "node_modules/chalk": {},
    "node_modules/chokidar": {},
    "node_modules/ci-info": {},
    "node_modules/clipboardy": {},
    "node_modules/common-tags": {},
    "node_modules/compression": {},
    "node_modules/concat-stream": {},
    "node_modules/configstore": {},
    "node_modules/convert-hrtime": {},
    "node_modules/cookie": {},
    "node_modules/core-js": {
      "version": "3.17.3",
      "integrity": "sha512-lyvajs+wd8N1hXfzob1LdOCCHFU4bGMbqqmLn1Q4QlCpDqWPpGf+p0nj+LNrvDDG33j0hZXw2nsvvVpHysxyNw==",
      "hasInstallScript": true,
      "funding": {
        "type": "opencollective",
        "url": "https://opencollective.com/core-js"
      }
    },
    "node_modules/cors": {},
    "node_modules/create-gatsby": {
      "version": "1.13.0",
      "integrity": "sha512-ypJeb+nj5uZybFeic+ab5myxGh21oZQ+OeCRkKHPL9NPZbzcvQE/y5lWXgVXHqy2/xf2IBnotkImrmiQiqPOxg==",
      "bin": {
        "create-gatsby": "cli.js"
      }
    },
    "node_modules/css-loader": {},
    "node_modules/css-minimizer-webpack-plugin": {},
    "node_modules/css.escape": {},
    "node_modules/date-fns": {
      "version": "2.23.0",
      "integrity": "sha512-5ycpauovVyAk0kXNZz6ZoB9AYMZB4DObse7P3BPWmyEjXNORTI8EJ6X0uaSAq4sCHzM1uajzrkr6HnsLQpxGXA==",
      "engines": {
        "node": ">=0.11"
      },
      "funding": {
        "type": "opencollective",
        "url": "https://opencollective.com/date-fns"
      }
    },
    "node_modules/debug": {},
    "node_modules/decompress-response": {},
    "node_modules/del": {},
    "node_modules/detect-port": {},
    "node_modules/devcert": {},
    "node_modules/dotenv": {
      "version": "8.6.0",
      "integrity": "sha512-IrPdXQsk2BbzvCBGBOTmmSH5SodmqZNt4ERAZDmW4CT+tL8VtvinqywuANaFu4bOMWki16nqf0e4oC0QIaDr/g==",
      "engines": {
        "node": ">=10"
      }
    },
    "node_modules/duplexer3": {},
    "node_modules/envinfo": {},
    "node_modules/eslint": {},
    "node_modules/eslint-config-react-app": {},
    "node_modules/eslint-plugin-flowtype": {},
    "node_modules/eslint-plugin-graphql": {},
    "node_modules/eslint-plugin-import": {},
    "node_modules/eslint-plugin-jsx-a11y": {},
    "node_modules/eslint-plugin-react": {},
    "node_modules/eslint-plugin-react-hooks": {},
    "node_modules/eslint-webpack-plugin": {},
    "node_modules/event-source-polyfill": {},
    "node_modules/execa": {},
    "node_modules/express": {},
    "node_modules/express-graphql": {},
    "node_modules/fastest-levenshtein": {},
    "node_modules/fastq": {},
    "node_modules/file-loader": {},
    "node_modules/file-type": {},
    "node_modules/find-cache-dir": {},
    "node_modules/fs-exists-cached": {},
    "node_modules/fs-extra": {},
    "node_modules/fs.realpath": {},
    "node_modules/functional-red-black-tree": {},
    "node_modules/gatsby": {
      "version": "3.13.0",
      "integrity": "sha512-nZOQkV6CF8ixtkbr+VNeiD2ISwuSkRLafeK+x/1btPB/l+b/w8ar0XrJGIWNX4DHr2Pohf3wy166IPfEkNqNTA==",
      "hasInstallScript": true,
      "dependencies": {
        "@babel/code-frame": "^7.14.0",
        "@babel/core": "^7.14.8",
        "@babel/eslint-parser": "^7.14.9",
        "@babel/parser": "^7.14.9",
        "@babel/runtime": "^7.14.8",
        "@babel/traverse": "^7.14.9",
        "@babel/types": "^7.14.9",
        "@gatsbyjs/reach-router": "^1.3.6",
        "@gatsbyjs/webpack-hot-middleware": "^2.25.2",
        "@nodelib/fs.walk": "^1.2.4",
        "@pmmmwh/react-refresh-webpack-plugin": "^0.4.3",
        "@types/http-proxy": "^1.17.4",
        "@typescript-eslint/eslint-plugin": "^4.29.3",
        "@typescript-eslint/parser": "^4.29.3",
        "address": "1.1.2",
        "anser": "^2.0.1",
        "autoprefixer": "^10.2.4",
        "axios": "^0.21.1",
        "babel-loader": "^8.2.2",
        "babel-plugin-add-module-exports": "^1.0.4",
        "babel-plugin-dynamic-import-node": "^2.3.3",
        "babel-plugin-lodash": "^3.3.4",
        "babel-plugin-remove-graphql-queries": "^3.13.0",
        "babel-preset-gatsby": "^1.13.0",
        "better-opn": "^2.0.0",
        "bluebird": "^3.7.2",
        "body-parser": "^1.19.0",
        "browserslist": "^4.12.2",
        "cache-manager": "^2.11.1",
        "chalk": "^4.1.2",
        "chokidar": "^3.4.2",
        "common-tags": "^1.8.0",
        "compression": "^1.7.4",
        "cookie": "^0.4.1",
        "core-js": "^3.9.0",
        "cors": "^2.8.5",
        "css-loader": "^5.0.1",
        "css-minimizer-webpack-plugin": "^2.0.0",
        "css.escape": "^1.5.1",
        "date-fns": "^2.14.0",
        "debug": "^3.2.7",
        "del": "^5.1.0",
        "detect-port": "^1.3.0",
        "devcert": "^1.1.3",
        "dotenv": "^8.2.0",
        "eslint": "^7.32.0",
        "eslint-config-react-app": "^6.0.0",
        "eslint-plugin-flowtype": "^5.8.2",
        "eslint-plugin-graphql": "^4.0.0",
        "eslint-plugin-import": "^2.23.4",
        "eslint-plugin-jsx-a11y": "^6.4.1",
        "eslint-plugin-react": "^7.24.0",
        "eslint-plugin-react-hooks": "^4.2.0",
        "eslint-webpack-plugin": "^2.5.4",
        "event-source-polyfill": "^1.0.15",
        "execa": "^5.1.1",
        "express": "^4.17.1",
        "express-graphql": "^0.12.0",
        "fastest-levenshtein": "^1.0.12",
        "fastq": "^1.10.0",
        "file-loader": "^6.2.0",
        "find-cache-dir": "^3.3.1",
        "fs-exists-cached": "1.0.0",
        "fs-extra": "^8.1.0",
        "gatsby-cli": "^3.13.0",
        "gatsby-core-utils": "^2.13.0",
        "gatsby-graphiql-explorer": "^1.13.0",
        "gatsby-legacy-polyfills": "^1.13.0",
        "gatsby-link": "^3.13.0",
        "gatsby-plugin-page-creator": "^3.13.0",
        "gatsby-plugin-typescript": "^3.13.0",
        "gatsby-plugin-utils": "^1.13.0",
        "gatsby-react-router-scroll": "^4.13.0",
        "gatsby-telemetry": "^2.13.0",
        "gatsby-worker": "^0.4.0",
        "glob": "^7.1.6",
        "got": "8.3.2",
        "graphql": "^15.4.0",
        "graphql-compose": "~7.25.0",
        "graphql-playground-middleware-express": "^1.7.18",
        "hasha": "^5.2.0",
        "http-proxy": "^1.18.1",
        "invariant": "^2.2.4",
        "is-relative": "^1.0.0",
        "is-relative-url": "^3.0.0",
        "joi": "^17.2.1",
        "json-loader": "^0.5.7",
        "latest-version": "5.1.0",
        "lodash": "^4.17.21",
        "md5-file": "^5.0.0",
        "meant": "^1.0.1",
        "memoizee": "^0.4.15",
        "micromatch": "^4.0.2",
        "mime": "^2.4.6",
        "mini-css-extract-plugin": "1.6.2",
        "mitt": "^1.2.0",
        "moment": "^2.27.0",
        "multer": "^1.4.2",
        "normalize-path": "^3.0.0",
        "null-loader": "^4.0.1",
        "opentracing": "^0.14.4",
        "p-defer": "^3.0.0",
        "parseurl": "^1.3.3",
        "path-to-regexp": "0.1.7",
        "physical-cpu-count": "^2.0.0",
        "platform": "^1.3.6",
        "postcss": "^8.3.5",
        "postcss-flexbugs-fixes": "^5.0.2",
        "postcss-loader": "^5.0.0",
        "prompts": "^2.3.2",
        "prop-types": "^15.7.2",
        "query-string": "^6.13.1",
        "raw-loader": "^4.0.2",
        "react-dev-utils": "^11.0.3",
        "react-refresh": "^0.9.0",
        "redux": "^4.0.5",
        "redux-thunk": "^2.3.0",
        "resolve-from": "^5.0.0",
        "semver": "^7.3.2",
        "shallow-compare": "^1.2.2",
        "signal-exit": "^3.0.3",
        "slugify": "^1.4.4",
        "socket.io": "3.1.1",
        "socket.io-client": "3.1.1",
        "source-map": "^0.7.3",
        "source-map-support": "^0.5.19",
        "st": "^2.0.0",
        "stack-trace": "^0.0.10",
        "string-similarity": "^1.2.2",
        "strip-ansi": "^5.2.0",
        "style-loader": "^2.0.0",
        "terser-webpack-plugin": "^5.1.1",
        "tmp": "^0.2.1",
        "true-case-path": "^2.2.1",
        "type-of": "^2.0.1",
        "url-loader": "^4.1.1",
        "uuid": "3.4.0",
        "v8-compile-cache": "^2.2.0",
        "webpack": "^5.35.0",
        "webpack-dev-middleware": "^4.1.0",
        "webpack-merge": "^5.7.3",
        "webpack-stats-plugin": "^1.0.3",
        "webpack-virtual-modules": "^0.3.2",
        "xstate": "^4.11.0",
        "yaml-loader": "^0.6.0"
      },
      "bin": {
        "gatsby": "cli.js"
      },
      "engines": {
        "node": ">=12.13.0"
      },
      "peerDependencies": {
        "react": "^16.9.0 || ^17.0.0",
        "react-dom": "^16.9.0 || ^17.0.0"
      }
    },
    "node_modules/gatsby-cli": {
      "version": "3.13.0",
      "integrity": "sha512-QTJZUY4wPwXLuK4aP3GCqBpklruV2hv/jtf65ED5zfeF2YnZlFvrJXt40n9o1ptc5XYe/FF6yFBxu1Lwbt9qtg==",
      "hasInstallScript": true,
      "dependencies": {
        "@babel/code-frame": "^7.14.0",
        "@types/common-tags": "^1.8.0",
        "better-opn": "^2.0.0",
        "chalk": "^4.1.2",
        "clipboardy": "^2.3.0",
        "common-tags": "^1.8.0",
        "configstore": "^5.0.1",
        "convert-hrtime": "^3.0.0",
        "create-gatsby": "^1.13.0",
        "envinfo": "^7.7.3",
        "execa": "^5.1.1",
        "fs-exists-cached": "^1.0.0",
        "fs-extra": "^8.1.0",
        "gatsby-core-utils": "^2.13.0",
        "gatsby-recipes": "^0.24.0",
        "gatsby-telemetry": "^2.13.0",
        "hosted-git-info": "^3.0.6",
        "is-valid-path": "^0.1.1",
        "joi": "^17.4.0",
        "lodash": "^4.17.21",
        "meant": "^1.0.2",
        "node-fetch": "^2.6.1",
        "opentracing": "^0.14.4",
        "pretty-error": "^2.1.1",
        "progress": "^2.0.3",
        "prompts": "^2.3.2",
        "redux": "^4.0.5",
        "resolve-cwd": "^3.0.0",
        "semver": "^7.3.2",
        "signal-exit": "^3.0.3",
        "source-map": "0.7.3",
        "stack-trace": "^0.0.10",
        "strip-ansi": "^5.2.0",
        "update-notifier": "^5.0.1",
        "uuid": "3.4.0",
        "yargs": "^15.4.1",
        "yoga-layout-prebuilt": "^1.9.6",
        "yurnalist": "^2.1.0"
      },
      "bin": {
        "gatsby": "cli.js"
      },
      "engines": {
        "node": ">=12.13.0"
      }
    },
    "node_modules/gatsby-core-utils": {
      "version": "2.13.0",
      "integrity": "sha512-fkMAxiWFY8N26Iui/Wq8yfE2FY2b31bGJVtlIlSwLgfsoO7fpta64lxeivRtfpNLbAoywmWY/L8TC74GFlnuWg==",
      "dependencies": {
        "ci-info": "2.0.0",
        "configstore": "^5.0.1",
        "file-type": "^16.5.3",
        "fs-extra": "^8.1.0",
        "node-object-hash": "^2.3.8",
        "proper-lockfile": "^4.1.2",
        "tmp": "^0.2.1",
        "xdg-basedir": "^4.0.0"
      },
      "engines": {
        "node": ">=12.13.0"
      }
    },
    "node_modules/gatsby-graphiql-explorer": {},
    "node_modules/gatsby-legacy-polyfills": {},
    "node_modules/gatsby-link": {},
    "node_modules/gatsby-plugin-page-creator": {},
    "node_modules/gatsby-plugin-typescript": {},
    "node_modules/gatsby-plugin-utils": {
      "version": "1.13.0",
      "integrity": "sha512-Qen1qBe4qOm32856V7lCoPH3XxRhcVej36LxPElWWknLmLcmLY2sBnzXgx2gSMaOcepAw3jtoqgaSuVLFeYA6Q==",
      "dependencies": {
        "joi": "^17.2.1"
      },
      "engines": {
        "node": ">=12.13.0"
      },
      "peerDependencies": {
        "gatsby": "^3.0.0-next.0"
      }
    },
    "node_modules/gatsby-react-router-scroll": {},
    "node_modules/gatsby-recipes": {},
    "node_modules/gatsby-telemetry": {},
    "node_modules/gatsby-worker": {},
    "node_modules/glob": {
      "version": "7.1.7",
      "integrity": "sha512-OvD9ENzPLbegENnYP5UUfJIirTg4+XwMWGaQfQTY0JenxNvvIKP3U3/tAQSPIu/lHxXYSZmpXlUHeqAIdKzBLQ==",
      "dependencies": {
        "fs.realpath": "^1.0.0",
        "inflight": "^1.0.4",
        "inherits": "2",
        "minimatch": "^3.0.4",
        "once": "^1.3.0",
        "path-is-absolute": "^1.0.0"
      },
      "engines": {
        "node": "*"
      },
      "funding": {
        "url": "https://github.com/sponsors/isaacs"
      }
    },
    "node_modules/got": {
      "version": "8.3.2",
      "integrity": "sha512-qjUJ5U/hawxosMryILofZCkm3C84PLJS/0grRIpjAwu+Lkxxj5cxeCU25BG0/3mDSpXKTyZr8oh8wIgLaH0QCw==",
      "dependencies": {
        "@sindresorhus/is": "^0.7.0",
        "cacheable-request": "^2.1.1",
        "decompress-response": "^3.3.0",
        "duplexer3": "^0.1.4",
        "get-stream": "^3.0.0",
        "into-stream": "^3.1.0",
        "is-retry-allowed": "^1.1.0",
        "isurl": "^1.0.0-alpha5",
        "lowercase-keys": "^1.0.0",
        "mimic-response": "^1.0.0",
        "p-cancelable": "^0.4.0",
        "p-timeout": "^2.0.1",
        "pify": "^3.0.0",
        "safe-buffer": "^5.1.1",
        "timed-out": "^4.0.1",
        "url-parse-lax": "^3.0.0",
        "url-to-options": "^1.0.1"
      },
      "engines": {
        "node": ">=4"
      }
    },
    "node_modules/got/node_modules/get-stream": {},
    "node_modules/graphql": {},
    "node_modules/graphql-compose": {},
    "node_modules/graphql-playground-middleware-express": {},
    "node_modules/hasha": {},
    "node_modules/hosted-git-info": {},
    "node_modules/http-proxy": {},
    "node_modules/inflight": {},
    "node_modules/inherits": {},
    "node_modules/into-stream": {},
    "node_modules/invariant": {
      "version": "2.2.4",
      "integrity": "sha512-phJfQVBuaJM5raOpJjSfkiD6BpbCE4Ns//LaXl6wGYtUBY83nWS6Rf9tXm2e8VaK60JEjYldbPif/A2B1C2gNA==",
      "dependencies": {
        "loose-envify": "^1.0.0"
      }
    },
    "node_modules/is-relative": {},
    "node_modules/is-relative-url": {},
    "node_modules/is-retry-allowed": {},
    "node_modules/is-valid-path": {},
    "node_modules/isurl": {},
    "node_modules/joi": {},
    "node_modules/json-loader": {},
    "node_modules/klona": {},
    "node_modules/latest-version": {},
    "node_modules/loader-utils": {},
    "node_modules/lodash": {
      "version": "4.17.21",
      "integrity": "sha512-v2kDEe57lecTulaDIuNTPy3Ry4gLGJ6Z1O3vE1krgXZNrsQ+LFTGHVxVjcXPs17LhbZVGedAJv8XZ1tvj5FvSg=="
    },
    "node_modules/loose-envify": {
      "version": "1.4.0",
      "resolved": "https://registry.npmjs.org/loose-envify/-/loose-envify-1.4.0.tgz",
      "integrity": "sha512-lyuxPGr/Wfhrlem2CL/UcnUc1zcqKAImBDzukY7Y5F/yQiNdko6+fRLevlw1HgMySw7f611UIY408EtxRSoK3Q==",
      "dependencies": {
        "js-tokens": "^3.0.0 || ^4.0.0"
      },
      "bin": {
        "loose-envify": "cli.js"
      }
    },
    "node_modules/loose-envify/node_modules/js-tokens": {
      "version": "4.0.0",
      "resolved": "https://registry.npmjs.org/js-tokens/-/js-tokens-4.0.0.tgz",
      "integrity": "sha512-RdJUflcE3cUzKiMqQgsCu06FPu9UdIJO0beYbPhHN4k6apgJtifcoCtT9bcxOpYBtpD2kCM6Sbzg4CausW/PKQ=="
    },
    "node_modules/lowercase-keys": {},
    "node_modules/make-dir": {},
    "node_modules/md5-file": {},
    "node_modules/meant": {
      "version": "1.0.3",
      "integrity": "sha512-88ZRGcNxAq4EH38cQ4D85PM57pikCwS8Z99EWHODxN7KBY+UuPiqzRTtZzS8KTXO/ywSWbdjjJST2Hly/EQxLw=="
    },
    "node_modules/memoizee": {},
    "node_modules/micromatch": {
      "version": "4.0.4",
      "integrity": "sha512-pRmzw/XUcwXGpD9aI9q/0XOwLNygjETJ8y0ao0wdqprrzDa4YnxLcz7fQRZr8voh8V10kGhABbNcHVk5wHgWwg==",
      "dependencies": {
        "braces": "^3.0.1",
        "picomatch": "^2.2.3"
      },
      "engines": {
        "node": ">=8.6"
      }
    },
    "node_modules/mime": {
      "version": "2.5.2",
      "integrity": "sha512-tqkh47FzKeCPD2PUiPB6pkbMzsCasjxAfC62/Wap5qrUWcb+sFasXUC5I3gYM5iBM8v/Qpn4UK0x+j0iHyFPDg==",
      "bin": {
        "mime": "cli.js"
      },
      "engines": {
        "node": ">=4.0.0"
      }
    },
    "node_modules/mimic-response": {},
    "node_modules/mini-css-extract-plugin": {},
    "node_modules/minimatch": {},
    "node_modules/mitt": {},
    "node_modules/mkdirp": {},
    "node_modules/moment": {},
    "node_modules/multer": {
      "version": "1.4.3",
      "integrity": "sha512-np0YLKncuZoTzufbkM6wEKp68EhWJXcU6fq6QqrSwkckd2LlMgd1UqhUJLj6NS/5sZ8dE8LYDWslsltJznnXlg==",
      "dependencies": {
        "append-field": "^1.0.0",
        "busboy": "^0.2.11",
        "concat-stream": "^1.5.2",
        "mkdirp": "^0.5.4",
        "object-assign": "^4.1.1",
        "on-finished": "^2.3.0",
        "type-is": "^1.6.4",
        "xtend": "^4.0.0"
      },
      "engines": {
        "node": ">= 0.10.0"
      }
    },
    "node_modules/node-fetch": {},
    "node_modules/node-object-hash": {},
    "node_modules/normalize-path": {},
    "node_modules/null-loader": {},
    "node_modules/object-assign": {
      "version": "4.1.1",
      "resolved": "https://registry.npmjs.org/object-assign/-/object-assign-4.1.1.tgz",
      "integrity": "sha1-IQmtx5ZYh8/AXLvUQsrIv7s2CGM=",
      "engines": {
        "node": ">=0.10.0"
      }
    },
    "node_modules/on-finished": {},
    "node_modules/once": {},
    "node_modules/open": {},
    "node_modules/opentracing": {},
    "node_modules/p-cancelable": {},
    "node_modules/p-defer": {},
    "node_modules/p-timeout": {},
    "node_modules/parseurl": {},
    "node_modules/path-is-absolute": {},
    "node_modules/path-to-regexp": {},
    "node_modules/physical-cpu-count": {},
    "node_modules/picomatch": {},
    "node_modules/pify": {},
    "node_modules/platform": {
      "version": "1.3.6",
      "integrity": "sha512-fnWVljUchTro6RiCFvCXBbNhJc2NijN7oIQxbwsyL0buWJPG85v81ehlHI9fXrJsMNgTofEoWIQeClKpgxFLrg=="
    },
    "node_modules/postcss": {},
    "node_modules/postcss-flexbugs-fixes": {},
    "node_modules/postcss-loader": {
      "version": "5.3.0",
      "integrity": "sha512-/+Z1RAmssdiSLgIZwnJHwBMnlABPgF7giYzTN2NOfr9D21IJZ4mQC1R2miwp80zno9M4zMD/umGI8cR+2EL5zw==",
      "dependencies": {
        "cosmiconfig": "^7.0.0",
        "klona": "^2.0.4",
        "semver": "^7.3.4"
      },
      "engines": {
        "node": ">= 10.13.0"
      },
      "funding": {
        "type": "opencollective",
        "url": "https://opencollective.com/webpack"
      },
      "peerDependencies": {
        "postcss": "^7.0.0 || ^8.0.1",
        "webpack": "^5.0.0"
      }
    },
    "node_modules/postcss-loader/node_modules/cosmiconfig": {},
    "node_modules/pretty-error": {},
    "node_modules/progress": {},
    "node_modules/prompts": {},
    "node_modules/prop-types": {},
    "node_modules/proper-lockfile": {},
    "node_modules/query-string": {},
    "node_modules/raw-loader": {},
    "node_modules/react": {
      "version": "17.0.2",
      "integrity": "sha512-gnhPt75i/dq/z3/6q/0asP78D0u592D5L1pd7M8P+dck6Fu/jJeL6iVVK23fptSUZj8Vjf++7wXA8UNclGQcbA==",
      "dependencies": {
        "loose-envify": "^1.1.0",
        "object-assign": "^4.1.1"
      },
      "engines": {
        "node": ">=0.10.0"
      }
    },
    "node_modules/react-dev-utils": {},
    "node_modules/react-dom": {
      "version": "17.0.2",
      "resolved": "https://registry.npmjs.org/react-dom/-/react-dom-17.0.2.tgz",
      "integrity": "sha512-s4h96KtLDUQlsENhMn1ar8t2bEa+q/YAtj8pPPdIjPDGBDIVNsrD9aXNWqspUe6AzKCIG0C1HZZLqLV7qpOBGA==",
      "dependencies": {
        "loose-envify": "^1.1.0",
        "object-assign": "^4.1.1",
        "scheduler": "^0.20.2"
      },
      "peerDependencies": {
        "react": "17.0.2"
      }
    },
    "node_modules/react-refresh": {
      "version": "0.9.0",
      "integrity": "sha512-Gvzk7OZpiqKSkxsQvO/mbTN1poglhmAV7gR/DdIrRrSMXraRQQlfikRJOr3Nb9GTMPC5kof948Zy6jJZIFtDvQ==",
      "engines": {
        "node": ">=0.10.0"
      }
    },
    "node_modules/redux": {},
    "node_modules/redux-thunk": {},
    "node_modules/regexpp": {},
    "node_modules/require-package-name": {
      "version": "2.0.1",
      "integrity": "sha1-wR6XJ2tluOKSP3Xav1+y7ww4Qbk="
    },
    "node_modules/resolve-cwd": {},
    "node_modules/resolve-from": {},
    "node_modules/safe-buffer": {},
    "node_modules/scheduler": {
      "version": "0.20.2",
      "resolved": "https://registry.npmjs.org/scheduler/-/scheduler-0.20.2.tgz",
      "integrity": "sha512-2eWfGgAqqWFGqtdMmcL5zCMK1U8KlXv8SQFGglL3CEtd0aDVDWgeF/YoCmvln55m5zSk3J/20hTaSBeSObsQDQ==",
      "dependencies": {
        "loose-envify": "^1.1.0",
        "object-assign": "^4.1.1"
      }
    },
    "node_modules/schema-utils": {},
    "node_modules/semver": {},
    "node_modules/shallow-compare": {
      "version": "1.2.2",
      "integrity": "sha512-LUMFi+RppPlrHzbqmFnINTrazo0lPNwhcgzuAXVVcfy/mqPDrQmHAyz5bvV0gDAuRFrk804V0HpQ6u9sZ0tBeg=="
    },
    "node_modules/signal-exit": {},
    "node_modules/slugify": {},
    "node_modules/socket.io": {},
    "node_modules/socket.io-client": {},
    "node_modules/source-map": {},
    "node_modules/source-map-support": {},
    "node_modules/st": {},
    "node_modules/stack-trace": {},
    "node_modules/string-similarity": {},
    "node_modules/strip-ansi": {},
    "node_modules/style-loader": {},
    "node_modules/terser-webpack-plugin": {},
    "node_modules/timed-out": {},
    "node_modules/tmp": {},
    "node_modules/true-case-path": {},
    "node_modules/tsutils": {},
    "node_modules/type-is": {},
    "node_modules/type-of": {},
    "node_modules/update-notifier": {},
    "node_modules/url-loader": {},
    "node_modules/url-parse-lax": {},
    "node_modules/url-to-options": {},
    "node_modules/uuid": {},
    "node_modules/v8-compile-cache": {},
    "node_modules/webpack": {},
    "node_modules/webpack-dev-middleware": {},
    "node_modules/webpack-merge": {},
    "node_modules/webpack-stats-plugin": {},
    "node_modules/webpack-virtual-modules": {},
    "node_modules/xdg-basedir": {},
    "node_modules/xstate": {},
    "node_modules/xtend": {},
    "node_modules/yaml-loader": {},
    "node_modules/yargs": {},
    "node_modules/yoga-layout-prebuilt": {},
    "node_modules/yurnalist": {}
  },
  "dependencies": {
    "@babel/code-frame": {},
    "@babel/core": {},
    "@babel/eslint-parser": {},
    "@babel/helper-module-imports": {},
    "@babel/parser": {},
    "@babel/runtime": {},
    "@babel/traverse": {},
    "@babel/types": {},
    "@gatsbyjs/reach-router": {},
    "@gatsbyjs/webpack-hot-middleware": {},
    "@nodelib/fs.scandir": {},
    "@nodelib/fs.walk": {
      "version": "1.2.8",
      "integrity": "sha512-oGB+UxlgWcgQkgwo8GcEGwemoTFt3FIO9ababBmaGwXIoBKZ+GTy0pP185beGg7Llih/NSHSV2XAs1lnznocSg==",
      "requires": {
        "@nodelib/fs.scandir": "2.1.5",
        "fastq": "^1.6.0"
      }
    },
    "@pmmmwh/react-refresh-webpack-plugin": {},
    "@sindresorhus/is": {},
    "@types/common-tags": {},
    "@types/http-proxy": {},
    "@typescript-eslint/eslint-plugin": {
      "version": "4.31.1",
      "requires": {
        "@typescript-eslint/experimental-utils": "4.31.1",
        "@typescript-eslint/scope-manager": "4.31.1",
        "debug": "^4.3.1",
        "functional-red-black-tree": "^1.0.1",
        "regexpp": "^3.1.0",
        "semver": "^7.3.5",
        "tsutils": "^3.21.0"
      },
      "dependencies": {
        "debug": {}
      }
    },
    "@typescript-eslint/experimental-utils": {},
    "@typescript-eslint/parser": {},
    "@typescript-eslint/scope-manager": {},
    "address": {},
    "anser": {},
    "append-field": {},
    "autoprefixer": {},
    "axios": {},
    "babel-loader": {
      "version": "8.2.2",
      "integrity": "sha512-JvTd0/D889PQBtUXJ2PXaKU/pjZDMtHA9V2ecm+eNRmmBCMR09a+fmpGTNwnJtFmFl5Ei7Vy47LjBb+L0wQ99g==",
      "requires": {
        "find-cache-dir": "^3.3.1",
        "loader-utils": "^1.4.0",
        "make-dir": "^3.1.0",
        "schema-utils": "^2.6.5"
      }
    },
    "babel-plugin-add-module-exports": {},
    "babel-plugin-dynamic-import-node": {},
    "babel-plugin-lodash": {
      "version": "3.3.4",
      "integrity": "sha512-yDZLjK7TCkWl1gpBeBGmuaDIFhZKmkoL+Cu2MUUjv5VxUZx/z7tBGBCBcQs5RI1Bkz5LLmNdjx7paOyQtMovyg==",
      "requires": {
        "@babel/helper-module-imports": "^7.0.0-beta.49",
        "@babel/types": "^7.0.0-beta.49",
        "glob": "^7.1.1",
        "lodash": "^4.17.10",
        "require-package-name": "^2.0.1"
      }
    },
    "babel-plugin-remove-graphql-queries": {},
    "babel-preset-gatsby": {},
    "better-opn": {
      "version": "2.1.1",
      "integrity": "sha512-kIPXZS5qwyKiX/HcRvDYfmBQUa8XP17I0mYZZ0y4UhpYOSvtsLHDYqmomS+Mj20aDvD3knEiQ0ecQy2nhio3yA==",
      "requires": {
        "open": "^7.0.3"
      }
    },
    "bluebird": {},
    "body-parser": {},
    "braces": {},
    "browserslist": {},
    "busboy": {},
    "cache-manager": {},
    "cacheable-request": {},
    "chalk": {},
    "chokidar": {},
    "ci-info": {},
    "clipboardy": {},
    "common-tags": {},
    "compression": {},
    "concat-stream": {},
    "configstore": {},
    "convert-hrtime": {},
    "cookie": {},
    "core-js": {
      "version": "3.17.3",
      "integrity": "sha512-lyvajs+wd8N1hXfzob1LdOCCHFU4bGMbqqmLn1Q4QlCpDqWPpGf+p0nj+LNrvDDG33j0hZXw2nsvvVpHysxyNw=="
    },
    "cors": {},
    "create-gatsby": {
      "version": "1.13.0",
      "integrity": "sha512-ypJeb+nj5uZybFeic+ab5myxGh21oZQ+OeCRkKHPL9NPZbzcvQE/y5lWXgVXHqy2/xf2IBnotkImrmiQiqPOxg=="
    },
    "css-loader": {},
    "css-minimizer-webpack-plugin": {},
    "css.escape": {},
    "date-fns": {
      "version": "2.23.0",
      "integrity": "sha512-5ycpauovVyAk0kXNZz6ZoB9AYMZB4DObse7P3BPWmyEjXNORTI8EJ6X0uaSAq4sCHzM1uajzrkr6HnsLQpxGXA=="
    },
    "debug": {},
    "decompress-response": {},
    "del": {},
    "detect-port": {},
    "devcert": {},
    "dotenv": {
      "version": "8.6.0",
      "integrity": "sha512-IrPdXQsk2BbzvCBGBOTmmSH5SodmqZNt4ERAZDmW4CT+tL8VtvinqywuANaFu4bOMWki16nqf0e4oC0QIaDr/g=="
    },
    "duplexer3": {},
    "envinfo": {},
    "eslint": {},
    "eslint-config-react-app": {},
    "eslint-plugin-flowtype": {},
    "eslint-plugin-graphql": {},
    "eslint-plugin-import": {},
    "eslint-plugin-jsx-a11y": {},
    "eslint-plugin-react": {},
    "eslint-plugin-react-hooks": {},
    "eslint-webpack-plugin": {},
    "event-source-polyfill": {},
    "execa": {},
    "express": {},
    "express-graphql": {},
    "fastest-levenshtein": {},
    "fastq": {},
    "file-loader": {},
    "file-type": {},
    "find-cache-dir": {},
    "fs-exists-cached": {},
    "fs-extra": {},
    "fs.realpath": {},
    "functional-red-black-tree": {},
    "gatsby": {
      "version": "3.13.0",
      "integrity": "sha512-nZOQkV6CF8ixtkbr+VNeiD2ISwuSkRLafeK+x/1btPB/l+b/w8ar0XrJGIWNX4DHr2Pohf3wy166IPfEkNqNTA==",
      "requires": {
        "@babel/code-frame": "^7.14.0",
        "@babel/core": "^7.14.8",
        "@babel/eslint-parser": "^7.14.9",
        "@babel/parser": "^7.14.9",
        "@babel/runtime": "^7.14.8",
        "@babel/traverse": "^7.14.9",
        "@babel/types": "^7.14.9",
        "@gatsbyjs/reach-router": "^1.3.6",
        "@gatsbyjs/webpack-hot-middleware": "^2.25.2",
        "@nodelib/fs.walk": "^1.2.4",
        "@pmmmwh/react-refresh-webpack-plugin": "^0.4.3",
        "@types/http-proxy": "^1.17.4",
        "@typescript-eslint/eslint-plugin": "^4.29.3",
        "@typescript-eslint/parser": "^4.29.3",
        "address": "1.1.2",
        "anser": "^2.0.1",
        "autoprefixer": "^10.2.4",
        "axios": "^0.21.1",
        "babel-loader": "^8.2.2",
        "babel-plugin-add-module-exports": "^1.0.4",
        "babel-plugin-dynamic-import-node": "^2.3.3",
        "babel-plugin-lodash": "^3.3.4",
        "babel-plugin-remove-graphql-queries": "^3.13.0",
        "babel-preset-gatsby": "^1.13.0",
        "better-opn": "^2.0.0",
        "bluebird": "^3.7.2",
        "body-parser": "^1.19.0",
        "browserslist": "^4.12.2",
        "cache-manager": "^2.11.1",
        "chalk": "^4.1.2",
        "chokidar": "^3.4.2",
        "common-tags": "^1.8.0",
        "compression": "^1.7.4",
        "cookie": "^0.4.1",
        "core-js": "^3.9.0",
        "cors": "^2.8.5",
        "css-loader": "^5.0.1",
        "css-minimizer-webpack-plugin": "^2.0.0",
        "css.escape": "^1.5.1",
        "date-fns": "^2.14.0",
        "debug": "^3.2.7",
        "del": "^5.1.0",
        "detect-port": "^1.3.0",
        "devcert": "^1.1.3",
        "dotenv": "^8.2.0",
        "eslint": "^7.32.0",
        "eslint-config-react-app": "^6.0.0",
        "eslint-plugin-flowtype": "^5.8.2",
        "eslint-plugin-graphql": "^4.0.0",
        "eslint-plugin-import": "^2.23.4",
        "eslint-plugin-jsx-a11y": "^6.4.1",
        "eslint-plugin-react": "^7.24.0",
        "eslint-plugin-react-hooks": "^4.2.0",
        "eslint-webpack-plugin": "^2.5.4",
        "event-source-polyfill": "^1.0.15",
        "execa": "^5.1.1",
        "express": "^4.17.1",
        "express-graphql": "^0.12.0",
        "fastest-levenshtein": "^1.0.12",
        "fastq": "^1.10.0",
        "file-loader": "^6.2.0",
        "find-cache-dir": "^3.3.1",
        "fs-exists-cached": "1.0.0",
        "fs-extra": "^8.1.0",
        "gatsby-cli": "^3.13.0",
        "gatsby-core-utils": "^2.13.0",
        "gatsby-graphiql-explorer": "^1.13.0",
        "gatsby-legacy-polyfills": "^1.13.0",
        "gatsby-link": "^3.13.0",
        "gatsby-plugin-page-creator": "^3.13.0",
        "gatsby-plugin-typescript": "^3.13.0",
        "gatsby-plugin-utils": "^1.13.0",
        "gatsby-react-router-scroll": "^4.13.0",
        "gatsby-telemetry": "^2.13.0",
        "gatsby-worker": "^0.4.0",
        "glob": "^7.1.6",
        "got": "8.3.2",
        "graphql": "^15.4.0",
        "graphql-compose": "~7.25.0",
        "graphql-playground-middleware-express": "^1.7.18",
        "hasha": "^5.2.0",
        "http-proxy": "^1.18.1",
        "invariant": "^2.2.4",
        "is-relative": "^1.0.0",
        "is-relative-url": "^3.0.0",
        "joi": "^17.2.1",
        "json-loader": "^0.5.7",
        "latest-version": "5.1.0",
        "lodash": "^4.17.21",
        "md5-file": "^5.0.0",
        "meant": "^1.0.1",
        "memoizee": "^0.4.15",
        "micromatch": "^4.0.2",
        "mime": "^2.4.6",
        "mini-css-extract-plugin": "1.6.2",
        "mitt": "^1.2.0",
        "moment": "^2.27.0",
        "multer": "^1.4.2",
        "normalize-path": "^3.0.0",
        "null-loader": "^4.0.1",
        "opentracing": "^0.14.4",
        "p-defer": "^3.0.0",
        "parseurl": "^1.3.3",
        "path-to-regexp": "0.1.7",
        "physical-cpu-count": "^2.0.0",
        "platform": "^1.3.6",
        "postcss": "^8.3.5",
        "postcss-flexbugs-fixes": "^5.0.2",
        "postcss-loader": "^5.0.0",
        "prompts": "^2.3.2",
        "prop-types": "^15.7.2",
        "query-string": "^6.13.1",
        "raw-loader": "^4.0.2",
        "react-dev-utils": "^11.0.3",
        "react-refresh": "^0.9.0",
        "redux": "^4.0.5",
        "redux-thunk": "^2.3.0",
        "resolve-from": "^5.0.0",
        "semver": "^7.3.2",
        "shallow-compare": "^1.2.2",
        "signal-exit": "^3.0.3",
        "slugify": "^1.4.4",
        "socket.io": "3.1.1",
        "socket.io-client": "3.1.1",
        "source-map": "^0.7.3",
        "source-map-support": "^0.5.19",
        "st": "^2.0.0",
        "stack-trace": "^0.0.10",
        "string-similarity": "^1.2.2",
        "strip-ansi": "^5.2.0",
        "style-loader": "^2.0.0",
        "terser-webpack-plugin": "^5.1.1",
        "tmp": "^0.2.1",
        "true-case-path": "^2.2.1",
        "type-of": "^2.0.1",
        "url-loader": "^4.1.1",
        "uuid": "3.4.0",
        "v8-compile-cache": "^2.2.0",
        "webpack": "^5.35.0",
        "webpack-dev-middleware": "^4.1.0",
        "webpack-merge": "^5.7.3",
        "webpack-stats-plugin": "^1.0.3",
        "webpack-virtual-modules": "^0.3.2",
        "xstate": "^4.11.0",
        "yaml-loader": "^0.6.0"
      }
    },
    "gatsby-cli": {
      "version": "3.13.0",
      "integrity": "sha512-QTJZUY4wPwXLuK4aP3GCqBpklruV2hv/jtf65ED5zfeF2YnZlFvrJXt40n9o1ptc5XYe/FF6yFBxu1Lwbt9qtg==",
      "requires": {
        "@babel/code-frame": "^7.14.0",
        "@types/common-tags": "^1.8.0",
        "better-opn": "^2.0.0",
        "chalk": "^4.1.2",
        "clipboardy": "^2.3.0",
        "common-tags": "^1.8.0",
        "configstore": "^5.0.1",
        "convert-hrtime": "^3.0.0",
        "create-gatsby": "^1.13.0",
        "envinfo": "^7.7.3",
        "execa": "^5.1.1",
        "fs-exists-cached": "^1.0.0",
        "fs-extra": "^8.1.0",
        "gatsby-core-utils": "^2.13.0",
        "gatsby-recipes": "^0.24.0",
        "gatsby-telemetry": "^2.13.0",
        "hosted-git-info": "^3.0.6",
        "is-valid-path": "^0.1.1",
        "joi": "^17.4.0",
        "lodash": "^4.17.21",
        "meant": "^1.0.2",
        "node-fetch": "^2.6.1",
        "opentracing": "^0.14.4",
        "pretty-error": "^2.1.1",
        "progress": "^2.0.3",
        "prompts": "^2.3.2",
        "redux": "^4.0.5",
        "resolve-cwd": "^3.0.0",
        "semver": "^7.3.2",
        "signal-exit": "^3.0.3",
        "source-map": "0.7.3",
        "stack-trace": "^0.0.10",
        "strip-ansi": "^5.2.0",
        "update-notifier": "^5.0.1",
        "uuid": "3.4.0",
        "yargs": "^15.4.1",
        "yoga-layout-prebuilt": "^1.9.6",
        "yurnalist": "^2.1.0"
      }
    },
    "gatsby-core-utils": {
      "version": "2.13.0",
      "integrity": "sha512-fkMAxiWFY8N26Iui/Wq8yfE2FY2b31bGJVtlIlSwLgfsoO7fpta64lxeivRtfpNLbAoywmWY/L8TC74GFlnuWg==",
      "requires": {
        "ci-info": "2.0.0",
        "configstore": "^5.0.1",
        "file-type": "^16.5.3",
        "fs-extra": "^8.1.0",
        "node-object-hash": "^2.3.8",
        "proper-lockfile": "^4.1.2",
        "tmp": "^0.2.1",
        "xdg-basedir": "^4.0.0"
      }
    },
    "gatsby-graphiql-explorer": {},
    "gatsby-legacy-polyfills": {},
    "gatsby-link": {},
    "gatsby-plugin-page-creator": {},
    "gatsby-plugin-typescript": {},
    "gatsby-plugin-utils": {
      "version": "1.13.0",
      "integrity": "sha512-Qen1qBe4qOm32856V7lCoPH3XxRhcVej36LxPElWWknLmLcmLY2sBnzXgx2gSMaOcepAw3jtoqgaSuVLFeYA6Q==",
      "requires": {
        "joi": "^17.2.1"
      }
    },
    "gatsby-react-router-scroll": {},
    "gatsby-recipes": {},
    "gatsby-telemetry": {},
    "gatsby-worker": {},
    "glob": {
      "version": "7.1.7",
      "integrity": "sha512-OvD9ENzPLbegENnYP5UUfJIirTg4+XwMWGaQfQTY0JenxNvvIKP3U3/tAQSPIu/lHxXYSZmpXlUHeqAIdKzBLQ==",
      "requires": {
        "fs.realpath": "^1.0.0",
        "inflight": "^1.0.4",
        "inherits": "2",
        "minimatch": "^3.0.4",
        "once": "^1.3.0",
        "path-is-absolute": "^1.0.0"
      }
    },
    "got": {
      "version": "8.3.2",
      "integrity": "sha512-qjUJ5U/hawxosMryILofZCkm3C84PLJS/0grRIpjAwu+Lkxxj5cxeCU25BG0/3mDSpXKTyZr8oh8wIgLaH0QCw==",
      "requires": {
        "@sindresorhus/is": "^0.7.0",
        "cacheable-request": "^2.1.1",
        "decompress-response": "^3.3.0",
        "duplexer3": "^0.1.4",
        "get-stream": "^3.0.0",
        "into-stream": "^3.1.0",
        "is-retry-allowed": "^1.1.0",
        "isurl": "^1.0.0-alpha5",
        "lowercase-keys": "^1.0.0",
        "mimic-response": "^1.0.0",
        "p-cancelable": "^0.4.0",
        "p-timeout": "^2.0.1",
        "pify": "^3.0.0",
        "safe-buffer": "^5.1.1",
        "timed-out": "^4.0.1",
        "url-parse-lax": "^3.0.0",
        "url-to-options": "^1.0.1"
      },
      "dependencies": {
        "get-stream": {}
      }
    },
    "graphql": {},
    "graphql-compose": {},
    "graphql-playground-middleware-express": {},
    "hasha": {},
    "hosted-git-info": {},
    "http-proxy": {},
    "inflight": {},
    "inherits": {},
    "into-stream": {},
    "invariant": {
      "version": "2.2.4",
      "integrity": "sha512-phJfQVBuaJM5raOpJjSfkiD6BpbCE4Ns//LaXl6wGYtUBY83nWS6Rf9tXm2e8VaK60JEjYldbPif/A2B1C2gNA==",
      "requires": {
        "loose-envify": "^1.0.0"
      }
    },
    "is-relative": {},
    "is-relative-url": {},
    "is-retry-allowed": {},
    "is-valid-path": {},
    "isurl": {},
    "joi": {},
    "json-loader": {},
    "klona": {},
    "latest-version": {},
    "loader-utils": {},
    "lodash": {
      "version": "4.17.21",
      "integrity": "sha512-v2kDEe57lecTulaDIuNTPy3Ry4gLGJ6Z1O3vE1krgXZNrsQ+LFTGHVxVjcXPs17LhbZVGedAJv8XZ1tvj5FvSg=="
    },
    "loose-envify": {
      "version": "1.4.0",
      "resolved": "https://registry.npmjs.org/loose-envify/-/loose-envify-1.4.0.tgz",
      "integrity": "sha512-lyuxPGr/Wfhrlem2CL/UcnUc1zcqKAImBDzukY7Y5F/yQiNdko6+fRLevlw1HgMySw7f611UIY408EtxRSoK3Q==",
      "requires": {
        "js-tokens": "^3.0.0 || ^4.0.0"
      },
      "dependencies": {
        "js-tokens": {
          "version": "4.0.0",
          "resolved": "https://registry.npmjs.org/js-tokens/-/js-tokens-4.0.0.tgz",
          "integrity": "sha512-RdJUflcE3cUzKiMqQgsCu06FPu9UdIJO0beYbPhHN4k6apgJtifcoCtT9bcxOpYBtpD2kCM6Sbzg4CausW/PKQ=="
        }
      }
    },
    "lowercase-keys": {},
    "make-dir": {},
    "md5-file": {},
    "meant": {
      "version": "1.0.3",
      "integrity": "sha512-88ZRGcNxAq4EH38cQ4D85PM57pikCwS8Z99EWHODxN7KBY+UuPiqzRTtZzS8KTXO/ywSWbdjjJST2Hly/EQxLw=="
    },
    "memoizee": {},
    "micromatch": {
      "version": "4.0.4",
      "integrity": "sha512-pRmzw/XUcwXGpD9aI9q/0XOwLNygjETJ8y0ao0wdqprrzDa4YnxLcz7fQRZr8voh8V10kGhABbNcHVk5wHgWwg==",
      "requires": {
        "braces": "^3.0.1",
        "picomatch": "^2.2.3"
      }
    },
    "mime": {
      "version": "2.5.2",
      "integrity": "sha512-tqkh47FzKeCPD2PUiPB6pkbMzsCasjxAfC62/Wap5qrUWcb+sFasXUC5I3gYM5iBM8v/Qpn4UK0x+j0iHyFPDg=="
    },
    "mimic-response": {},
    "mini-css-extract-plugin": {},
    "minimatch": {},
    "mitt": {},
    "mkdirp": {},
    "moment": {},
    "multer": {
      "version": "1.4.3",
      "integrity": "sha512-np0YLKncuZoTzufbkM6wEKp68EhWJXcU6fq6QqrSwkckd2LlMgd1UqhUJLj6NS/5sZ8dE8LYDWslsltJznnXlg==",
      "requires": {
        "append-field": "^1.0.0",
        "busboy": "^0.2.11",
        "concat-stream": "^1.5.2",
        "mkdirp": "^0.5.4",
        "object-assign": "^4.1.1",
        "on-finished": "^2.3.0",
        "type-is": "^1.6.4",
        "xtend": "^4.0.0"
      }
    },
    "node-fetch": {},
    "node-object-hash": {},
    "normalize-path": {},
    "null-loader": {},
    "object-assign": {
      "version": "4.1.1",
      "resolved": "https://registry.npmjs.org/object-assign/-/object-assign-4.1.1.tgz",
      "integrity": "sha1-IQmtx5ZYh8/AXLvUQsrIv7s2CGM="
    },
    "on-finished": {},
    "once": {},
    "open": {},
    "opentracing": {},
    "p-cancelable": {},
    "p-defer": {},
    "p-timeout": {},
    "parseurl": {},
    "path-is-absolute": {},
    "path-to-regexp": {},
    "physical-cpu-count": {},
    "picomatch": {},
    "pify": {},
    "platform": {
      "version": "1.3.6",
      "integrity": "sha512-fnWVljUchTro6RiCFvCXBbNhJc2NijN7oIQxbwsyL0buWJPG85v81ehlHI9fXrJsMNgTofEoWIQeClKpgxFLrg=="
    },
    "postcss": {},
    "postcss-flexbugs-fixes": {},
    "postcss-loader": {
      "version": "5.3.0",
      "integrity": "sha512-/+Z1RAmssdiSLgIZwnJHwBMnlABPgF7giYzTN2NOfr9D21IJZ4mQC1R2miwp80zno9M4zMD/umGI8cR+2EL5zw==",
      "requires": {
        "cosmiconfig": "^7.0.0",
        "klona": "^2.0.4",
        "semver": "^7.3.4"
      },
      "dependencies": {
        "cosmiconfig": {}
      }
    },
    "pretty-error": {},
    "progress": {},
    "prompts": {},
    "prop-types": {},
    "proper-lockfile": {},
    "query-string": {},
    "raw-loader": {},
    "react": {
      "version": "17.0.2",
      "integrity": "sha512-gnhPt75i/dq/z3/6q/0asP78D0u592D5L1pd7M8P+dck6Fu/jJeL6iVVK23fptSUZj8Vjf++7wXA8UNclGQcbA==",
      "requires": {
        "loose-envify": "^1.1.0",
        "object-assign": "^4.1.1"
      }
    },
    "react-dev-utils": {},
    "react-dom": {
      "version": "17.0.2",
      "resolved": "https://registry.npmjs.org/react-dom/-/react-dom-17.0.2.tgz",
      "integrity": "sha512-s4h96KtLDUQlsENhMn1ar8t2bEa+q/YAtj8pPPdIjPDGBDIVNsrD9aXNWqspUe6AzKCIG0C1HZZLqLV7qpOBGA==",
      "requires": {
        "loose-envify": "^1.1.0",
        "object-assign": "^4.1.1",
        "scheduler": "^0.20.2"
      }
    },
    "react-refresh": {
      "version": "0.9.0",
      "integrity": "sha512-Gvzk7OZpiqKSkxsQvO/mbTN1poglhmAV7gR/DdIrRrSMXraRQQlfikRJOr3Nb9GTMPC5kof948Zy6jJZIFtDvQ=="
    },
    "redux": {},
    "redux-thunk": {},
    "regexpp": {},
    "require-package-name": {
      "version": "2.0.1",
      "integrity": "sha1-wR6XJ2tluOKSP3Xav1+y7ww4Qbk="
    },
    "resolve-cwd": {},
    "resolve-from": {},
    "safe-buffer": {},
    "scheduler": {
      "version": "0.20.2",
      "resolved": "https://registry.npmjs.org/scheduler/-/scheduler-0.20.2.tgz",
      "integrity": "sha512-2eWfGgAqqWFGqtdMmcL5zCMK1U8KlXv8SQFGglL3CEtd0aDVDWgeF/YoCmvln55m5zSk3J/20hTaSBeSObsQDQ==",
      "requires": {
        "loose-envify": "^1.1.0",
        "object-assign": "^4.1.1"
      }
    },
    "schema-utils": {},
    "semver": {},
    "shallow-compare": {
      "version": "1.2.2",
      "integrity": "sha512-LUMFi+RppPlrHzbqmFnINTrazo0lPNwhcgzuAXVVcfy/mqPDrQmHAyz5bvV0gDAuRFrk804V0HpQ6u9sZ0tBeg=="
    },
    "signal-exit": {},
    "slugify": {},
    "socket.io": {},
    "socket.io-client": {},
    "source-map": {},
    "source-map-support": {},
    "st": {},
    "stack-trace": {},
    "string-similarity": {},
    "strip-ansi": {},
    "style-loader": {},
    "terser-webpack-plugin": {},
    "timed-out": {},
    "tmp": {},
    "true-case-path": {},
    "tsutils": {},
    "type-is": {},
    "type-of": {},
    "update-notifier": {},
    "url-loader": {},
    "url-parse-lax": {},
    "url-to-options": {},
    "uuid": {},
    "v8-compile-cache": {},
    "webpack": {},
    "webpack-dev-middleware": {},
    "webpack-merge": {},
    "webpack-stats-plugin": {},
    "webpack-virtual-modules": {},
    "xdg-basedir": {},
    "xstate": {},
    "xtend": {},
    "yaml-loader": {},
    "yargs": {},
    "yoga-layout-prebuilt": {},
    "yurnalist": {}
  }
}
